# THIS IS AN AUTOGENERATED FILE. DO NOT EDIT THIS FILE DIRECTLY.
# yarn lockfile v1


windicss@^3.1.9:
  version "3.1.9"
  resolved "http://54.179.229.80:4873/windicss/-/windicss-3.1.9.tgz#e43d924168422efa743c8223607c3af47d2d0291"
  integrity sha512-5YoKvXeCQXIdwc91BoOgpKbIImr2JS8I14rPMa/5dKDDPA4ot3NgICWKELkml39R/8rn4Q0BVUUTqN+w+hjDSA==
